
Microsoft Visual Studio Solution File, Format Version 12.00
# Visual Studio Version 16
VisualStudioVersion = 16.0.30804.86
MinimumVisualStudioVersion = 10.0.40219.1
Project("{FAE04EC0-301F-11D3-BF4B-00C04F79EFBC}") = "Sayiyi_Yaziya_Cevirme", "Sayiyi_Yaziya_Cevirme.csproj", "{B888A1D7-59CF-4F3A-81FF-A83C8C013524}"
EndProject
Global
	GlobalSection(SolutionConfigurationPlatforms) = preSolution
		Debug|Any CPU = Debug|Any CPU
		Release|Any CPU = Release|Any CPU
	EndGlobalSection
	GlobalSection(ProjectConfigurationPlatforms) = postSolution
		{B888A1D7-59CF-4F3A-81FF-A83C8C013524}.Debug|Any CPU.ActiveCfg = Debug|Any CPU
		{B888A1D7-59CF-4F3A-81FF-A83C8C013524}.Debug|Any CPU.Build.0 = Debug|Any CPU
		{B888A1D7-59CF-4F3A-81FF-A83C8C013524}.Release|Any CPU.ActiveCfg = Release|Any CPU
		{B888A1D7-59CF-4F3A-81FF-A83C8C013524}.Release|Any CPU.Build.0 = Release|Any CPU
	EndGlobalSection
	GlobalSection(SolutionProperties) = preSolution
		HideSolutionNode = FALSE
	EndGlobalSection
	GlobalSection(ExtensibilityGlobals) = postSolution
		SolutionGuid = {095E8ED9-C907-44A5-993C-E45C7814C2EA}
	EndGlobalSection
EndGlobal
